
Microsoft Visual Studio Solution File, Format Version 12.00
# Visual Studio Version 16
VisualStudioVersion = 16.0.32602.291
MinimumVisualStudioVersion = 10.0.40219.1
Project("{D954291E-2A0B-460D-934E-DC6B0785DB48}") = "App_Uno.Shared", "App_Uno.Shared\App_Uno.Shared.shproj", "{6279C845-92F8-4333-AB99-3D213163593C}"
EndProject
Project("{2150E333-8FDC-42A3-9474-1A3956D46DE8}") = "Platforms", "Platforms", "{68461496-ACA6-4C55-AEB0-5E879AE4F3FC}"
EndProject
Project("{FAE04EC0-301F-11D3-BF4B-00C04F79EFBC}") = "App_Uno.Droid", "App_Uno.Droid\App_Uno.Droid.csproj", "{2FDD42CE-41A9-4DDD-A4CD-F1014E8B4EB8}"
EndProject
Project("{FAE04EC0-301F-11D3-BF4B-00C04F79EFBC}") = "App_Uno.iOS", "App_Uno.iOS\App_Uno.iOS.csproj", "{1E8FD77E-5234-4C3E-A744-1E776E162C85}"
EndProject
Project("{FAE04EC0-301F-11D3-BF4B-00C04F79EFBC}") = "App_Uno.UWP", "App_Uno.UWP\App_Uno.UWP.csproj", "{D65CE332-27BE-4F52-B307-64DE3861D6B8}"
EndProject
Project("{FAE04EC0-301F-11D3-BF4B-00C04F79EFBC}") = "App_Uno.Wasm", "App_Uno.Wasm\App_Uno.Wasm.csproj", "{1C6414D3-7149-40A4-A4AF-53390DA91906}"
EndProject
Project("{FAE04EC0-301F-11D3-BF4B-00C04F79EFBC}") = "App_Uno.macOS", "App_Uno.macOS\App_Uno.macOS.csproj", "{4FB9D885-AA66-463B-91F6-5347F951A455}"
EndProject
Project("{FAE04EC0-301F-11D3-BF4B-00C04F79EFBC}") = "App_Uno.Skia.Wpf.Host", "App_Uno.Skia.Wpf.Host\App_Uno.Skia.Wpf.Host.csproj", "{D8F6D1F0-C55F-4F0B-ACB5-EF5AE55E524B}"
EndProject
Project("{FAE04EC0-301F-11D3-BF4B-00C04F79EFBC}") = "App_Uno.Skia.Wpf", "App_Uno.Skia.Wpf\App_Uno.Skia.Wpf.csproj", "{0C343990-2C05-48BE-A796-911B65E9DC5D}"
EndProject
Project("{FAE04EC0-301F-11D3-BF4B-00C04F79EFBC}") = "App_Uno.Skia.Gtk", "App_Uno.Skia.Gtk\App_Uno.Skia.Gtk.csproj", "{B19B8A0F-2A25-4B04-A480-F7D0EE47C430}"
EndProject
Project("{FAE04EC0-301F-11D3-BF4B-00C04F79EFBC}") = "App_Uno.Skia.Tizen", "App_Uno.Skia.Tizen\App_Uno.Skia.Tizen.csproj", "{6833EB3E-3896-44C2-A913-F2E0069D994F}"
EndProject
Global
	GlobalSection(SharedMSBuildProjectFiles) = preSolution
		App_Uno.Shared\App_Uno.Shared.projitems*{0c343990-2c05-48be-a796-911b65e9dc5d}*SharedItemsImports = 5
		App_Uno.Shared\App_Uno.Shared.projitems*{1c6414d3-7149-40a4-a4af-53390da91906}*SharedItemsImports = 5
		App_Uno.Shared\App_Uno.Shared.projitems*{1e8fd77e-5234-4c3e-a744-1e776e162c85}*SharedItemsImports = 4
		App_Uno.Shared\App_Uno.Shared.projitems*{2fdd42ce-41a9-4ddd-a4cd-f1014e8b4eb8}*SharedItemsImports = 4
		App_Uno.Shared\App_Uno.Shared.projitems*{4fb9d885-aa66-463b-91f6-5347f951a455}*SharedItemsImports = 4
		App_Uno.Shared\App_Uno.Shared.projitems*{6279c845-92f8-4333-ab99-3d213163593c}*SharedItemsImports = 13
		App_Uno.Shared\App_Uno.Shared.projitems*{6833eb3e-3896-44c2-a913-f2e0069d994f}*SharedItemsImports = 5
		App_Uno.Shared\App_Uno.Shared.projitems*{b19b8a0f-2a25-4b04-a480-f7d0ee47c430}*SharedItemsImports = 5
		App_Uno.Shared\App_Uno.Shared.projitems*{d65ce332-27be-4f52-b307-64de3861d6b8}*SharedItemsImports = 4
	EndGlobalSection
	GlobalSection(SolutionConfigurationPlatforms) = preSolution
		Ad-Hoc|Any CPU = Ad-Hoc|Any CPU
		Ad-Hoc|ARM = Ad-Hoc|ARM
		Ad-Hoc|ARM64 = Ad-Hoc|ARM64
		Ad-Hoc|iPhone = Ad-Hoc|iPhone
		Ad-Hoc|iPhoneSimulator = Ad-Hoc|iPhoneSimulator
		Ad-Hoc|x64 = Ad-Hoc|x64
		Ad-Hoc|x86 = Ad-Hoc|x86
		AppStore|Any CPU = AppStore|Any CPU
		AppStore|ARM = AppStore|ARM
		AppStore|ARM64 = AppStore|ARM64
		AppStore|iPhone = AppStore|iPhone
		AppStore|iPhoneSimulator = AppStore|iPhoneSimulator
		AppStore|x64 = AppStore|x64
		AppStore|x86 = AppStore|x86
		Debug|Any CPU = Debug|Any CPU
		Debug|ARM = Debug|ARM
		Debug|ARM64 = Debug|ARM64
		Debug|iPhone = Debug|iPhone
		Debug|iPhoneSimulator = Debug|iPhoneSimulator
		Debug|x64 = Debug|x64
		Debug|x86 = Debug|x86
		Release|Any CPU = Release|Any CPU
		Release|ARM = Release|ARM
		Release|ARM64 = Release|ARM64
		Release|iPhone = Release|iPhone
		Release|iPhoneSimulator = Release|iPhoneSimulator
		Release|x64 = Release|x64
		Release|x86 = Release|x86
	EndGlobalSection
	GlobalSection(ProjectConfigurationPlatforms) = postSolution
		{2FDD42CE-41A9-4DDD-A4CD-F1014E8B4EB8}.Ad-Hoc|Any CPU.ActiveCfg = Debug|Any CPU
		{2FDD42CE-41A9-4DDD-A4CD-F1014E8B4EB8}.Ad-Hoc|Any CPU.Build.0 = Debug|Any CPU
		{2FDD42CE-41A9-4DDD-A4CD-F1014E8B4EB8}.Ad-Hoc|Any CPU.Deploy.0 = Debug|Any CPU
		{2FDD42CE-41A9-4DDD-A4CD-F1014E8B4EB8}.Ad-Hoc|ARM.ActiveCfg = Debug|Any CPU
		{2FDD42CE-41A9-4DDD-A4CD-F1014E8B4EB8}.Ad-Hoc|ARM.Build.0 = Debug|Any CPU
		{2FDD42CE-41A9-4DDD-A4CD-F1014E8B4EB8}.Ad-Hoc|ARM.Deploy.0 = Debug|Any CPU
		{2FDD42CE-41A9-4DDD-A4CD-F1014E8B4EB8}.Ad-Hoc|ARM64.ActiveCfg = Debug|Any CPU
		{2FDD42CE-41A9-4DDD-A4CD-F1014E8B4EB8}.Ad-Hoc|ARM64.Build.0 = Debug|Any CPU
		{2FDD42CE-41A9-4DDD-A4CD-F1014E8B4EB8}.Ad-Hoc|ARM64.Deploy.0 = Debug|Any CPU
		{2FDD42CE-41A9-4DDD-A4CD-F1014E8B4EB8}.Ad-Hoc|iPhone.ActiveCfg = Debug|Any CPU
		{2FDD42CE-41A9-4DDD-A4CD-F1014E8B4EB8}.Ad-Hoc|iPhone.Build.0 = Debug|Any CPU
		{2FDD42CE-41A9-4DDD-A4CD-F1014E8B4EB8}.Ad-Hoc|iPhone.Deploy.0 = Debug|Any CPU
		{2FDD42CE-41A9-4DDD-A4CD-F1014E8B4EB8}.Ad-Hoc|iPhoneSimulator.ActiveCfg = Debug|Any CPU
		{2FDD42CE-41A9-4DDD-A4CD-F1014E8B4EB8}.Ad-Hoc|iPhoneSimulator.Build.0 = Debug|Any CPU
		{2FDD42CE-41A9-4DDD-A4CD-F1014E8B4EB8}.Ad-Hoc|iPhoneSimulator.Deploy.0 = Debug|Any CPU
		{2FDD42CE-41A9-4DDD-A4CD-F1014E8B4EB8}.Ad-Hoc|x64.ActiveCfg = Debug|Any CPU
		{2FDD42CE-41A9-4DDD-A4CD-F1014E8B4EB8}.Ad-Hoc|x64.Build.0 = Debug|Any CPU
		{2FDD42CE-41A9-4DDD-A4CD-F1014E8B4EB8}.Ad-Hoc|x64.Deploy.0 = Debug|Any CPU
		{2FDD42CE-41A9-4DDD-A4CD-F1014E8B4EB8}.Ad-Hoc|x86.ActiveCfg = Debug|Any CPU
		{2FDD42CE-41A9-4DDD-A4CD-F1014E8B4EB8}.Ad-Hoc|x86.Build.0 = Debug|Any CPU
		{2FDD42CE-41A9-4DDD-A4CD-F1014E8B4EB8}.Ad-Hoc|x86.Deploy.0 = Debug|Any CPU
		{2FDD42CE-41A9-4DDD-A4CD-F1014E8B4EB8}.AppStore|Any CPU.ActiveCfg = Debug|Any CPU
		{2FDD42CE-41A9-4DDD-A4CD-F1014E8B4EB8}.AppStore|Any CPU.Build.0 = Debug|Any CPU
		{2FDD42CE-41A9-4DDD-A4CD-F1014E8B4EB8}.AppStore|Any CPU.Deploy.0 = Debug|Any CPU
		{2FDD42CE-41A9-4DDD-A4CD-F1014E8B4EB8}.AppStore|ARM.ActiveCfg = Debug|Any CPU
		{2FDD42CE-41A9-4DDD-A4CD-F1014E8B4EB8}.AppStore|ARM.Build.0 = Debug|Any CPU
		{2FDD42CE-41A9-4DDD-A4CD-F1014E8B4EB8}.AppStore|ARM.Deploy.0 = Debug|Any CPU
		{2FDD42CE-41A9-4DDD-A4CD-F1014E8B4EB8}.AppStore|ARM64.ActiveCfg = Debug|Any CPU
		{2FDD42CE-41A9-4DDD-A4CD-F1014E8B4EB8}.AppStore|ARM64.Build.0 = Debug|Any CPU
		{2FDD42CE-41A9-4DDD-A4CD-F1014E8B4EB8}.AppStore|ARM64.Deploy.0 = Debug|Any CPU
		{2FDD42CE-41A9-4DDD-A4CD-F1014E8B4EB8}.AppStore|iPhone.ActiveCfg = Debug|Any CPU
		{2FDD42CE-41A9-4DDD-A4CD-F1014E8B4EB8}.AppStore|iPhone.Build.0 = Debug|Any CPU
		{2FDD42CE-41A9-4DDD-A4CD-F1014E8B4EB8}.AppStore|iPhone.Deploy.0 = Debug|Any CPU
		{2FDD42CE-41A9-4DDD-A4CD-F1014E8B4EB8}.AppStore|iPhoneSimulator.ActiveCfg = Debug|Any CPU
		{2FDD42CE-41A9-4DDD-A4CD-F1014E8B4EB8}.AppStore|iPhoneSimulator.Build.0 = Debug|Any CPU
		{2FDD42CE-41A9-4DDD-A4CD-F1014E8B4EB8}.AppStore|iPhoneSimulator.Deploy.0 = Debug|Any CPU
		{2FDD42CE-41A9-4DDD-A4CD-F1014E8B4EB8}.AppStore|x64.ActiveCfg = Debug|Any CPU
		{2FDD42CE-41A9-4DDD-A4CD-F1014E8B4EB8}.AppStore|x64.Build.0 = Debug|Any CPU
		{2FDD42CE-41A9-4DDD-A4CD-F1014E8B4EB8}.AppStore|x64.Deploy.0 = Debug|Any CPU
		{2FDD42CE-41A9-4DDD-A4CD-F1014E8B4EB8}.AppStore|x86.ActiveCfg = Debug|Any CPU
		{2FDD42CE-41A9-4DDD-A4CD-F1014E8B4EB8}.AppStore|x86.Build.0 = Debug|Any CPU
		{2FDD42CE-41A9-4DDD-A4CD-F1014E8B4EB8}.AppStore|x86.Deploy.0 = Debug|Any CPU
		{2FDD42CE-41A9-4DDD-A4CD-F1014E8B4EB8}.Debug|Any CPU.ActiveCfg = Debug|Any CPU
		{2FDD42CE-41A9-4DDD-A4CD-F1014E8B4EB8}.Debug|Any CPU.Build.0 = Debug|Any CPU
		{2FDD42CE-41A9-4DDD-A4CD-F1014E8B4EB8}.Debug|Any CPU.Deploy.0 = Debug|Any CPU
		{2FDD42CE-41A9-4DDD-A4CD-F1014E8B4EB8}.Debug|ARM.ActiveCfg = Debug|Any CPU
		{2FDD42CE-41A9-4DDD-A4CD-F1014E8B4EB8}.Debug|ARM.Build.0 = Debug|Any CPU
		{2FDD42CE-41A9-4DDD-A4CD-F1014E8B4EB8}.Debug|ARM.Deploy.0 = Debug|Any CPU
		{2FDD42CE-41A9-4DDD-A4CD-F1014E8B4EB8}.Debug|ARM64.ActiveCfg = Debug|Any CPU
		{2FDD42CE-41A9-4DDD-A4CD-F1014E8B4EB8}.Debug|ARM64.Build.0 = Debug|Any CPU
		{2FDD42CE-41A9-4DDD-A4CD-F1014E8B4EB8}.Debug|ARM64.Deploy.0 = Debug|Any CPU
		{2FDD42CE-41A9-4DDD-A4CD-F1014E8B4EB8}.Debug|iPhone.ActiveCfg = Debug|Any CPU
		{2FDD42CE-41A9-4DDD-A4CD-F1014E8B4EB8}.Debug|iPhone.Build.0 = Debug|Any CPU
		{2FDD42CE-41A9-4DDD-A4CD-F1014E8B4EB8}.Debug|iPhone.Deploy.0 = Debug|Any CPU
		{2FDD42CE-41A9-4DDD-A4CD-F1014E8B4EB8}.Debug|iPhoneSimulator.ActiveCfg = Debug|Any CPU
		{2FDD42CE-41A9-4DDD-A4CD-F1014E8B4EB8}.Debug|iPhoneSimulator.Build.0 = Debug|Any CPU
		{2FDD42CE-41A9-4DDD-A4CD-F1014E8B4EB8}.Debug|iPhoneSimulator.Deploy.0 = Debug|Any CPU
		{2FDD42CE-41A9-4DDD-A4CD-F1014E8B4EB8}.Debug|x64.ActiveCfg = Debug|Any CPU
		{2FDD42CE-41A9-4DDD-A4CD-F1014E8B4EB8}.Debug|x64.Build.0 = Debug|Any CPU
		{2FDD42CE-41A9-4DDD-A4CD-F1014E8B4EB8}.Debug|x64.Deploy.0 = Debug|Any CPU
		{2FDD42CE-41A9-4DDD-A4CD-F1014E8B4EB8}.Debug|x86.ActiveCfg = Debug|Any CPU
		{2FDD42CE-41A9-4DDD-A4CD-F1014E8B4EB8}.Debug|x86.Build.0 = Debug|Any CPU
		{2FDD42CE-41A9-4DDD-A4CD-F1014E8B4EB8}.Debug|x86.Deploy.0 = Debug|Any CPU
		{2FDD42CE-41A9-4DDD-A4CD-F1014E8B4EB8}.Release|Any CPU.ActiveCfg = Release|Any CPU
		{2FDD42CE-41A9-4DDD-A4CD-F1014E8B4EB8}.Release|Any CPU.Build.0 = Release|Any CPU
		{2FDD42CE-41A9-4DDD-A4CD-F1014E8B4EB8}.Release|Any CPU.Deploy.0 = Release|Any CPU
		{2FDD42CE-41A9-4DDD-A4CD-F1014E8B4EB8}.Release|ARM.ActiveCfg = Release|Any CPU
		{2FDD42CE-41A9-4DDD-A4CD-F1014E8B4EB8}.Release|ARM.Build.0 = Release|Any CPU
		{2FDD42CE-41A9-4DDD-A4CD-F1014E8B4EB8}.Release|ARM.Deploy.0 = Release|Any CPU
		{2FDD42CE-41A9-4DDD-A4CD-F1014E8B4EB8}.Release|ARM64.ActiveCfg = Release|Any CPU
		{2FDD42CE-41A9-4DDD-A4CD-F1014E8B4EB8}.Release|ARM64.Build.0 = Release|Any CPU
		{2FDD42CE-41A9-4DDD-A4CD-F1014E8B4EB8}.Release|ARM64.Deploy.0 = Release|Any CPU
		{2FDD42CE-41A9-4DDD-A4CD-F1014E8B4EB8}.Release|iPhone.ActiveCfg = Release|Any CPU
		{2FDD42CE-41A9-4DDD-A4CD-F1014E8B4EB8}.Release|iPhone.Build.0 = Release|Any CPU
		{2FDD42CE-41A9-4DDD-A4CD-F1014E8B4EB8}.Release|iPhone.Deploy.0 = Release|Any CPU
		{2FDD42CE-41A9-4DDD-A4CD-F1014E8B4EB8}.Release|iPhoneSimulator.ActiveCfg = Release|Any CPU
		{2FDD42CE-41A9-4DDD-A4CD-F1014E8B4EB8}.Release|iPhoneSimulator.Build.0 = Release|Any CPU
		{2FDD42CE-41A9-4DDD-A4CD-F1014E8B4EB8}.Release|iPhoneSimulator.Deploy.0 = Release|Any CPU
		{2FDD42CE-41A9-4DDD-A4CD-F1014E8B4EB8}.Release|x64.ActiveCfg = Release|Any CPU
		{2FDD42CE-41A9-4DDD-A4CD-F1014E8B4EB8}.Release|x64.Build.0 = Release|Any CPU
		{2FDD42CE-41A9-4DDD-A4CD-F1014E8B4EB8}.Release|x64.Deploy.0 = Release|Any CPU
		{2FDD42CE-41A9-4DDD-A4CD-F1014E8B4EB8}.Release|x86.ActiveCfg = Release|Any CPU
		{2FDD42CE-41A9-4DDD-A4CD-F1014E8B4EB8}.Release|x86.Build.0 = Release|Any CPU
		{2FDD42CE-41A9-4DDD-A4CD-F1014E8B4EB8}.Release|x86.Deploy.0 = Release|Any CPU
		{1E8FD77E-5234-4C3E-A744-1E776E162C85}.Ad-Hoc|Any CPU.ActiveCfg = Ad-Hoc|iPhoneSimulator
		{1E8FD77E-5234-4C3E-A744-1E776E162C85}.Ad-Hoc|ARM.ActiveCfg = Ad-Hoc|iPhoneSimulator
		{1E8FD77E-5234-4C3E-A744-1E776E162C85}.Ad-Hoc|ARM64.ActiveCfg = Ad-Hoc|iPhoneSimulator
		{1E8FD77E-5234-4C3E-A744-1E776E162C85}.Ad-Hoc|iPhone.ActiveCfg = Ad-Hoc|iPhone
		{1E8FD77E-5234-4C3E-A744-1E776E162C85}.Ad-Hoc|iPhone.Build.0 = Ad-Hoc|iPhone
		{1E8FD77E-5234-4C3E-A744-1E776E162C85}.Ad-Hoc|iPhoneSimulator.ActiveCfg = Ad-Hoc|iPhoneSimulator
		{1E8FD77E-5234-4C3E-A744-1E776E162C85}.Ad-Hoc|iPhoneSimulator.Build.0 = Ad-Hoc|iPhoneSimulator
		{1E8FD77E-5234-4C3E-A744-1E776E162C85}.Ad-Hoc|x64.ActiveCfg = Ad-Hoc|iPhoneSimulator
		{1E8FD77E-5234-4C3E-A744-1E776E162C85}.Ad-Hoc|x86.ActiveCfg = Ad-Hoc|iPhoneSimulator
		{1E8FD77E-5234-4C3E-A744-1E776E162C85}.AppStore|Any CPU.ActiveCfg = AppStore|iPhoneSimulator
		{1E8FD77E-5234-4C3E-A744-1E776E162C85}.AppStore|ARM.ActiveCfg = AppStore|iPhoneSimulator
		{1E8FD77E-5234-4C3E-A744-1E776E162C85}.AppStore|ARM64.ActiveCfg = AppStore|iPhoneSimulator
		{1E8FD77E-5234-4C3E-A744-1E776E162C85}.AppStore|iPhone.ActiveCfg = AppStore|iPhone
		{1E8FD77E-5234-4C3E-A744-1E776E162C85}.AppStore|iPhone.Build.0 = AppStore|iPhone
		{1E8FD77E-5234-4C3E-A744-1E776E162C85}.AppStore|iPhoneSimulator.ActiveCfg = AppStore|iPhoneSimulator
		{1E8FD77E-5234-4C3E-A744-1E776E162C85}.AppStore|iPhoneSimulator.Build.0 = AppStore|iPhoneSimulator
		{1E8FD77E-5234-4C3E-A744-1E776E162C85}.AppStore|x64.ActiveCfg = AppStore|iPhoneSimulator
		{1E8FD77E-5234-4C3E-A744-1E776E162C85}.AppStore|x86.ActiveCfg = AppStore|iPhoneSimulator
		{1E8FD77E-5234-4C3E-A744-1E776E162C85}.Debug|Any CPU.ActiveCfg = Debug|iPhoneSimulator
		{1E8FD77E-5234-4C3E-A744-1E776E162C85}.Debug|ARM.ActiveCfg = Debug|iPhoneSimulator
		{1E8FD77E-5234-4C3E-A744-1E776E162C85}.Debug|ARM64.ActiveCfg = Debug|iPhoneSimulator
		{1E8FD77E-5234-4C3E-A744-1E776E162C85}.Debug|iPhone.ActiveCfg = Debug|iPhone
		{1E8FD77E-5234-4C3E-A744-1E776E162C85}.Debug|iPhone.Build.0 = Debug|iPhone
		{1E8FD77E-5234-4C3E-A744-1E776E162C85}.Debug|iPhoneSimulator.ActiveCfg = Debug|iPhoneSimulator
		{1E8FD77E-5234-4C3E-A744-1E776E162C85}.Debug|iPhoneSimulator.Build.0 = Debug|iPhoneSimulator
		{1E8FD77E-5234-4C3E-A744-1E776E162C85}.Debug|x64.ActiveCfg = Debug|iPhoneSimulator
		{1E8FD77E-5234-4C3E-A744-1E776E162C85}.Debug|x86.ActiveCfg = Debug|iPhoneSimulator
		{1E8FD77E-5234-4C3E-A744-1E776E162C85}.Release|Any CPU.ActiveCfg = Release|iPhoneSimulator
		{1E8FD77E-5234-4C3E-A744-1E776E162C85}.Release|ARM.ActiveCfg = Release|iPhoneSimulator
		{1E8FD77E-5234-4C3E-A744-1E776E162C85}.Release|ARM64.ActiveCfg = Release|iPhoneSimulator
		{1E8FD77E-5234-4C3E-A744-1E776E162C85}.Release|iPhone.ActiveCfg = Release|iPhone
		{1E8FD77E-5234-4C3E-A744-1E776E162C85}.Release|iPhone.Build.0 = Release|iPhone
		{1E8FD77E-5234-4C3E-A744-1E776E162C85}.Release|iPhoneSimulator.ActiveCfg = Release|iPhoneSimulator
		{1E8FD77E-5234-4C3E-A744-1E776E162C85}.Release|iPhoneSimulator.Build.0 = Release|iPhoneSimulator
		{1E8FD77E-5234-4C3E-A744-1E776E162C85}.Release|x64.ActiveCfg = Release|iPhoneSimulator
		{1E8FD77E-5234-4C3E-A744-1E776E162C85}.Release|x86.ActiveCfg = Release|iPhoneSimulator
		{D65CE332-27BE-4F52-B307-64DE3861D6B8}.Ad-Hoc|Any CPU.ActiveCfg = Debug|x86
		{D65CE332-27BE-4F52-B307-64DE3861D6B8}.Ad-Hoc|Any CPU.Build.0 = Debug|x86
		{D65CE332-27BE-4F52-B307-64DE3861D6B8}.Ad-Hoc|Any CPU.Deploy.0 = Debug|x86
		{D65CE332-27BE-4F52-B307-64DE3861D6B8}.Ad-Hoc|ARM.ActiveCfg = Debug|ARM
		{D65CE332-27BE-4F52-B307-64DE3861D6B8}.Ad-Hoc|ARM.Build.0 = Debug|ARM
		{D65CE332-27BE-4F52-B307-64DE3861D6B8}.Ad-Hoc|ARM.Deploy.0 = Debug|ARM
		{D65CE332-27BE-4F52-B307-64DE3861D6B8}.Ad-Hoc|ARM64.ActiveCfg = Debug|ARM64
		{D65CE332-27BE-4F52-B307-64DE3861D6B8}.Ad-Hoc|ARM64.Build.0 = Debug|ARM64
		{D65CE332-27BE-4F52-B307-64DE3861D6B8}.Ad-Hoc|ARM64.Deploy.0 = Debug|ARM64
		{D65CE332-27BE-4F52-B307-64DE3861D6B8}.Ad-Hoc|iPhone.ActiveCfg = Debug|x86
		{D65CE332-27BE-4F52-B307-64DE3861D6B8}.Ad-Hoc|iPhone.Build.0 = Debug|x86
		{D65CE332-27BE-4F52-B307-64DE3861D6B8}.Ad-Hoc|iPhone.Deploy.0 = Debug|x86
		{D65CE332-27BE-4F52-B307-64DE3861D6B8}.Ad-Hoc|iPhoneSimulator.ActiveCfg = Debug|x86
		{D65CE332-27BE-4F52-B307-64DE3861D6B8}.Ad-Hoc|iPhoneSimulator.Build.0 = Debug|x86
		{D65CE332-27BE-4F52-B307-64DE3861D6B8}.Ad-Hoc|iPhoneSimulator.Deploy.0 = Debug|x86
		{D65CE332-27BE-4F52-B307-64DE3861D6B8}.Ad-Hoc|x64.ActiveCfg = Debug|x64
		{D65CE332-27BE-4F52-B307-64DE3861D6B8}.Ad-Hoc|x64.Build.0 = Debug|x64
		{D65CE332-27BE-4F52-B307-64DE3861D6B8}.Ad-Hoc|x64.Deploy.0 = Debug|x64
		{D65CE332-27BE-4F52-B307-64DE3861D6B8}.Ad-Hoc|x86.ActiveCfg = Debug|x86
		{D65CE332-27BE-4F52-B307-64DE3861D6B8}.Ad-Hoc|x86.Build.0 = Debug|x86
		{D65CE332-27BE-4F52-B307-64DE3861D6B8}.Ad-Hoc|x86.Deploy.0 = Debug|x86
		{D65CE332-27BE-4F52-B307-64DE3861D6B8}.AppStore|Any CPU.ActiveCfg = Debug|x86
		{D65CE332-27BE-4F52-B307-64DE3861D6B8}.AppStore|Any CPU.Build.0 = Debug|x86
		{D65CE332-27BE-4F52-B307-64DE3861D6B8}.AppStore|Any CPU.Deploy.0 = Debug|x86
		{D65CE332-27BE-4F52-B307-64DE3861D6B8}.AppStore|ARM.ActiveCfg = Debug|ARM
		{D65CE332-27BE-4F52-B307-64DE3861D6B8}.AppStore|ARM.Build.0 = Debug|ARM
		{D65CE332-27BE-4F52-B307-64DE3861D6B8}.AppStore|ARM.Deploy.0 = Debug|ARM
		{D65CE332-27BE-4F52-B307-64DE3861D6B8}.AppStore|ARM64.ActiveCfg = Debug|ARM64
		{D65CE332-27BE-4F52-B307-64DE3861D6B8}.AppStore|ARM64.Build.0 = Debug|ARM64
		{D65CE332-27BE-4F52-B307-64DE3861D6B8}.AppStore|ARM64.Deploy.0 = Debug|ARM64
		{D65CE332-27BE-4F52-B307-64DE3861D6B8}.AppStore|iPhone.ActiveCfg = Debug|x86
		{D65CE332-27BE-4F52-B307-64DE3861D6B8}.AppStore|iPhone.Build.0 = Debug|x86
		{D65CE332-27BE-4F52-B307-64DE3861D6B8}.AppStore|iPhone.Deploy.0 = Debug|x86
		{D65CE332-27BE-4F52-B307-64DE3861D6B8}.AppStore|iPhoneSimulator.ActiveCfg = Debug|x86
		{D65CE332-27BE-4F52-B307-64DE3861D6B8}.AppStore|iPhoneSimulator.Build.0 = Debug|x86
		{D65CE332-27BE-4F52-B307-64DE3861D6B8}.AppStore|iPhoneSimulator.Deploy.0 = Debug|x86
		{D65CE332-27BE-4F52-B307-64DE3861D6B8}.AppStore|x64.ActiveCfg = Debug|x64
		{D65CE332-27BE-4F52-B307-64DE3861D6B8}.AppStore|x64.Build.0 = Debug|x64
		{D65CE332-27BE-4F52-B307-64DE3861D6B8}.AppStore|x64.Deploy.0 = Debug|x64
		{D65CE332-27BE-4F52-B307-64DE3861D6B8}.AppStore|x86.ActiveCfg = Debug|x86
		{D65CE332-27BE-4F52-B307-64DE3861D6B8}.AppStore|x86.Build.0 = Debug|x86
		{D65CE332-27BE-4F52-B307-64DE3861D6B8}.AppStore|x86.Deploy.0 = Debug|x86
		{D65CE332-27BE-4F52-B307-64DE3861D6B8}.Debug|Any CPU.ActiveCfg = Debug|x86
		{D65CE332-27BE-4F52-B307-64DE3861D6B8}.Debug|Any CPU.Build.0 = Debug|x86
		{D65CE332-27BE-4F52-B307-64DE3861D6B8}.Debug|Any CPU.Deploy.0 = Debug|x86
		{D65CE332-27BE-4F52-B307-64DE3861D6B8}.Debug|ARM.ActiveCfg = Debug|ARM
		{D65CE332-27BE-4F52-B307-64DE3861D6B8}.Debug|ARM.Build.0 = Debug|ARM
		{D65CE332-27BE-4F52-B307-64DE3861D6B8}.Debug|ARM.Deploy.0 = Debug|ARM
		{D65CE332-27BE-4F52-B307-64DE3861D6B8}.Debug|ARM64.ActiveCfg = Debug|ARM64
		{D65CE332-27BE-4F52-B307-64DE3861D6B8}.Debug|ARM64.Build.0 = Debug|ARM64
		{D65CE332-27BE-4F52-B307-64DE3861D6B8}.Debug|ARM64.Deploy.0 = Debug|ARM64
		{D65CE332-27BE-4F52-B307-64DE3861D6B8}.Debug|iPhone.ActiveCfg = Debug|x86
		{D65CE332-27BE-4F52-B307-64DE3861D6B8}.Debug|iPhoneSimulator.ActiveCfg = Debug|x86
		{D65CE332-27BE-4F52-B307-64DE3861D6B8}.Debug|x64.ActiveCfg = Debug|x64
		{D65CE332-27BE-4F52-B307-64DE3861D6B8}.Debug|x64.Build.0 = Debug|x64
		{D65CE332-27BE-4F52-B307-64DE3861D6B8}.Debug|x64.Deploy.0 = Debug|x64
		{D65CE332-27BE-4F52-B307-64DE3861D6B8}.Debug|x86.ActiveCfg = Debug|x86
		{D65CE332-27BE-4F52-B307-64DE3861D6B8}.Debug|x86.Build.0 = Debug|x86
		{D65CE332-27BE-4F52-B307-64DE3861D6B8}.Debug|x86.Deploy.0 = Debug|x86
		{D65CE332-27BE-4F52-B307-64DE3861D6B8}.Release|Any CPU.ActiveCfg = Release|x86
		{D65CE332-27BE-4F52-B307-64DE3861D6B8}.Release|ARM.ActiveCfg = Release|ARM
		{D65CE332-27BE-4F52-B307-64DE3861D6B8}.Release|ARM.Build.0 = Release|ARM
		{D65CE332-27BE-4F52-B307-64DE3861D6B8}.Release|ARM.Deploy.0 = Release|ARM
		{D65CE332-27BE-4F52-B307-64DE3861D6B8}.Release|ARM64.ActiveCfg = Release|ARM64
		{D65CE332-27BE-4F52-B307-64DE3861D6B8}.Release|ARM64.Build.0 = Release|ARM64
		{D65CE332-27BE-4F52-B307-64DE3861D6B8}.Release|ARM64.Deploy.0 = Release|ARM64
		{D65CE332-27BE-4F52-B307-64DE3861D6B8}.Release|iPhone.ActiveCfg = Release|x86
		{D65CE332-27BE-4F52-B307-64DE3861D6B8}.Release|iPhoneSimulator.ActiveCfg = Release|x86
		{D65CE332-27BE-4F52-B307-64DE3861D6B8}.Release|x64.ActiveCfg = Release|x64
		{D65CE332-27BE-4F52-B307-64DE3861D6B8}.Release|x64.Build.0 = Release|x64
		{D65CE332-27BE-4F52-B307-64DE3861D6B8}.Release|x64.Deploy.0 = Release|x64
		{D65CE332-27BE-4F52-B307-64DE3861D6B8}.Release|x86.ActiveCfg = Release|x86
		{D65CE332-27BE-4F52-B307-64DE3861D6B8}.Release|x86.Build.0 = Release|x86
		{D65CE332-27BE-4F52-B307-64DE3861D6B8}.Release|x86.Deploy.0 = Release|x86
		{1C6414D3-7149-40A4-A4AF-53390DA91906}.Ad-Hoc|Any CPU.ActiveCfg = Debug|Any CPU
		{1C6414D3-7149-40A4-A4AF-53390DA91906}.Ad-Hoc|Any CPU.Build.0 = Debug|Any CPU
		{1C6414D3-7149-40A4-A4AF-53390DA91906}.Ad-Hoc|ARM.ActiveCfg = Debug|Any CPU
		{1C6414D3-7149-40A4-A4AF-53390DA91906}.Ad-Hoc|ARM.Build.0 = Debug|Any CPU
		{1C6414D3-7149-40A4-A4AF-53390DA91906}.Ad-Hoc|ARM64.ActiveCfg = Debug|Any CPU
		{1C6414D3-7149-40A4-A4AF-53390DA91906}.Ad-Hoc|ARM64.Build.0 = Debug|Any CPU
		{1C6414D3-7149-40A4-A4AF-53390DA91906}.Ad-Hoc|iPhone.ActiveCfg = Debug|Any CPU
		{1C6414D3-7149-40A4-A4AF-53390DA91906}.Ad-Hoc|iPhone.Build.0 = Debug|Any CPU
		{1C6414D3-7149-40A4-A4AF-53390DA91906}.Ad-Hoc|iPhoneSimulator.ActiveCfg = Debug|Any CPU
		{1C6414D3-7149-40A4-A4AF-53390DA91906}.Ad-Hoc|iPhoneSimulator.Build.0 = Debug|Any CPU
		{1C6414D3-7149-40A4-A4AF-53390DA91906}.Ad-Hoc|x64.ActiveCfg = Debug|Any CPU
		{1C6414D3-7149-40A4-A4AF-53390DA91906}.Ad-Hoc|x64.Build.0 = Debug|Any CPU
		{1C6414D3-7149-40A4-A4AF-53390DA91906}.Ad-Hoc|x86.ActiveCfg = Debug|Any CPU
		{1C6414D3-7149-40A4-A4AF-53390DA91906}.Ad-Hoc|x86.Build.0 = Debug|Any CPU
		{1C6414D3-7149-40A4-A4AF-53390DA91906}.AppStore|Any CPU.ActiveCfg = Debug|Any CPU
		{1C6414D3-7149-40A4-A4AF-53390DA91906}.AppStore|Any CPU.Build.0 = Debug|Any CPU
		{1C6414D3-7149-40A4-A4AF-53390DA91906}.AppStore|ARM.ActiveCfg = Debug|Any CPU
		{1C6414D3-7149-40A4-A4AF-53390DA91906}.AppStore|ARM.Build.0 = Debug|Any CPU
		{1C6414D3-7149-40A4-A4AF-53390DA91906}.AppStore|ARM64.ActiveCfg = Debug|Any CPU
		{1C6414D3-7149-40A4-A4AF-53390DA91906}.AppStore|ARM64.Build.0 = Debug|Any CPU
		{1C6414D3-7149-40A4-A4AF-53390DA91906}.AppStore|iPhone.ActiveCfg = Debug|Any CPU
		{1C6414D3-7149-40A4-A4AF-53390DA91906}.AppStore|iPhone.Build.0 = Debug|Any CPU
		{1C6414D3-7149-40A4-A4AF-53390DA91906}.AppStore|iPhoneSimulator.ActiveCfg = Debug|Any CPU
		{1C6414D3-7149-40A4-A4AF-53390DA91906}.AppStore|iPhoneSimulator.Build.0 = Debug|Any CPU
		{1C6414D3-7149-40A4-A4AF-53390DA91906}.AppStore|x64.ActiveCfg = Debug|Any CPU
		{1C6414D3-7149-40A4-A4AF-53390DA91906}.AppStore|x64.Build.0 = Debug|Any CPU
		{1C6414D3-7149-40A4-A4AF-53390DA91906}.AppStore|x86.ActiveCfg = Debug|Any CPU
		{1C6414D3-7149-40A4-A4AF-53390DA91906}.AppStore|x86.Build.0 = Debug|Any CPU
		{1C6414D3-7149-40A4-A4AF-53390DA91906}.Debug|Any CPU.ActiveCfg = Debug|Any CPU
		{1C6414D3-7149-40A4-A4AF-53390DA91906}.Debug|Any CPU.Build.0 = Debug|Any CPU
		{1C6414D3-7149-40A4-A4AF-53390DA91906}.Debug|ARM.ActiveCfg = Debug|Any CPU
		{1C6414D3-7149-40A4-A4AF-53390DA91906}.Debug|ARM.Build.0 = Debug|Any CPU
		{1C6414D3-7149-40A4-A4AF-53390DA91906}.Debug|ARM64.ActiveCfg = Debug|Any CPU
		{1C6414D3-7149-40A4-A4AF-53390DA91906}.Debug|ARM64.Build.0 = Debug|Any CPU
		{1C6414D3-7149-40A4-A4AF-53390DA91906}.Debug|iPhone.ActiveCfg = Debug|Any CPU
		{1C6414D3-7149-40A4-A4AF-53390DA91906}.Debug|iPhone.Build.0 = Debug|Any CPU
		{1C6414D3-7149-40A4-A4AF-53390DA91906}.Debug|iPhoneSimulator.ActiveCfg = Debug|Any CPU
		{1C6414D3-7149-40A4-A4AF-53390DA91906}.Debug|iPhoneSimulator.Build.0 = Debug|Any CPU
		{1C6414D3-7149-40A4-A4AF-53390DA91906}.Debug|x64.ActiveCfg = Debug|Any CPU
		{1C6414D3-7149-40A4-A4AF-53390DA91906}.Debug|x64.Build.0 = Debug|Any CPU
		{1C6414D3-7149-40A4-A4AF-53390DA91906}.Debug|x86.ActiveCfg = Debug|Any CPU
		{1C6414D3-7149-40A4-A4AF-53390DA91906}.Debug|x86.Build.0 = Debug|Any CPU
		{1C6414D3-7149-40A4-A4AF-53390DA91906}.Release|Any CPU.ActiveCfg = Release|Any CPU
		{1C6414D3-7149-40A4-A4AF-53390DA91906}.Release|Any CPU.Build.0 = Release|Any CPU
		{1C6414D3-7149-40A4-A4AF-53390DA91906}.Release|ARM.ActiveCfg = Release|Any CPU
		{1C6414D3-7149-40A4-A4AF-53390DA91906}.Release|ARM.Build.0 = Release|Any CPU
		{1C6414D3-7149-40A4-A4AF-53390DA91906}.Release|ARM64.ActiveCfg = Release|Any CPU
		{1C6414D3-7149-40A4-A4AF-53390DA91906}.Release|ARM64.Build.0 = Release|Any CPU
		{1C6414D3-7149-40A4-A4AF-53390DA91906}.Release|iPhone.ActiveCfg = Release|Any CPU
		{1C6414D3-7149-40A4-A4AF-53390DA91906}.Release|iPhone.Build.0 = Release|Any CPU
		{1C6414D3-7149-40A4-A4AF-53390DA91906}.Release|iPhoneSimulator.ActiveCfg = Release|Any CPU
		{1C6414D3-7149-40A4-A4AF-53390DA91906}.Release|iPhoneSimulator.Build.0 = Release|Any CPU
		{1C6414D3-7149-40A4-A4AF-53390DA91906}.Release|x64.ActiveCfg = Release|Any CPU
		{1C6414D3-7149-40A4-A4AF-53390DA91906}.Release|x64.Build.0 = Release|Any CPU
		{1C6414D3-7149-40A4-A4AF-53390DA91906}.Release|x86.ActiveCfg = Release|Any CPU
		{1C6414D3-7149-40A4-A4AF-53390DA91906}.Release|x86.Build.0 = Release|Any CPU
		{4FB9D885-AA66-463B-91F6-5347F951A455}.Ad-Hoc|Any CPU.ActiveCfg = Debug|iPhoneSimulator
		{4FB9D885-AA66-463B-91F6-5347F951A455}.Ad-Hoc|Any CPU.Build.0 = Debug|iPhoneSimulator
		{4FB9D885-AA66-463B-91F6-5347F951A455}.Ad-Hoc|ARM.ActiveCfg = Debug|iPhoneSimulator
		{4FB9D885-AA66-463B-91F6-5347F951A455}.Ad-Hoc|ARM.Build.0 = Debug|iPhoneSimulator
		{4FB9D885-AA66-463B-91F6-5347F951A455}.Ad-Hoc|ARM64.ActiveCfg = Debug|iPhoneSimulator
		{4FB9D885-AA66-463B-91F6-5347F951A455}.Ad-Hoc|ARM64.Build.0 = Debug|iPhoneSimulator
		{4FB9D885-AA66-463B-91F6-5347F951A455}.Ad-Hoc|iPhone.ActiveCfg = Debug|iPhoneSimulator
		{4FB9D885-AA66-463B-91F6-5347F951A455}.Ad-Hoc|iPhone.Build.0 = Debug|iPhoneSimulator
		{4FB9D885-AA66-463B-91F6-5347F951A455}.Ad-Hoc|iPhoneSimulator.ActiveCfg = Debug|iPhoneSimulator
		{4FB9D885-AA66-463B-91F6-5347F951A455}.Ad-Hoc|iPhoneSimulator.Build.0 = Debug|iPhoneSimulator
		{4FB9D885-AA66-463B-91F6-5347F951A455}.Ad-Hoc|x64.ActiveCfg = Debug|iPhoneSimulator
		{4FB9D885-AA66-463B-91F6-5347F951A455}.Ad-Hoc|x64.Build.0 = Debug|iPhoneSimulator
		{4FB9D885-AA66-463B-91F6-5347F951A455}.Ad-Hoc|x86.ActiveCfg = Debug|iPhoneSimulator
		{4FB9D885-AA66-463B-91F6-5347F951A455}.Ad-Hoc|x86.Build.0 = Debug|iPhoneSimulator
		{4FB9D885-AA66-463B-91F6-5347F951A455}.AppStore|Any CPU.ActiveCfg = Debug|iPhoneSimulator
		{4FB9D885-AA66-463B-91F6-5347F951A455}.AppStore|Any CPU.Build.0 = Debug|iPhoneSimulator
		{4FB9D885-AA66-463B-91F6-5347F951A455}.AppStore|ARM.ActiveCfg = Debug|iPhoneSimulator
		{4FB9D885-AA66-463B-91F6-5347F951A455}.AppStore|ARM.Build.0 = Debug|iPhoneSimulator
		{4FB9D885-AA66-463B-91F6-5347F951A455}.AppStore|ARM64.ActiveCfg = Debug|iPhoneSimulator
		{4FB9D885-AA66-463B-91F6-5347F951A455}.AppStore|ARM64.Build.0 = Debug|iPhoneSimulator
		{4FB9D885-AA66-463B-91F6-5347F951A455}.AppStore|iPhone.ActiveCfg = Debug|iPhoneSimulator
		{4FB9D885-AA66-463B-91F6-5347F951A455}.AppStore|iPhone.Build.0 = Debug|iPhoneSimulator
		{4FB9D885-AA66-463B-91F6-5347F951A455}.AppStore|iPhoneSimulator.ActiveCfg = Debug|iPhoneSimulator
		{4FB9D885-AA66-463B-91F6-5347F951A455}.AppStore|iPhoneSimulator.Build.0 = Debug|iPhoneSimulator
		{4FB9D885-AA66-463B-91F6-5347F951A455}.AppStore|x64.ActiveCfg = Debug|iPhoneSimulator
		{4FB9D885-AA66-463B-91F6-5347F951A455}.AppStore|x64.Build.0 = Debug|iPhoneSimulator
		{4FB9D885-AA66-463B-91F6-5347F951A455}.AppStore|x86.ActiveCfg = Debug|iPhoneSimulator
		{4FB9D885-AA66-463B-91F6-5347F951A455}.AppStore|x86.Build.0 = Debug|iPhoneSimulator
		{4FB9D885-AA66-463B-91F6-5347F951A455}.Debug|Any CPU.ActiveCfg = Debug|iPhoneSimulator
		{4FB9D885-AA66-463B-91F6-5347F951A455}.Debug|ARM.ActiveCfg = Debug|iPhoneSimulator
		{4FB9D885-AA66-463B-91F6-5347F951A455}.Debug|ARM64.ActiveCfg = Debug|iPhoneSimulator
		{4FB9D885-AA66-463B-91F6-5347F951A455}.Debug|iPhone.ActiveCfg = Debug|iPhoneSimulator
		{4FB9D885-AA66-463B-91F6-5347F951A455}.Debug|iPhoneSimulator.ActiveCfg = Debug|iPhoneSimulator
		{4FB9D885-AA66-463B-91F6-5347F951A455}.Debug|iPhoneSimulator.Build.0 = Debug|iPhoneSimulator
		{4FB9D885-AA66-463B-91F6-5347F951A455}.Debug|x64.ActiveCfg = Debug|iPhoneSimulator
		{4FB9D885-AA66-463B-91F6-5347F951A455}.Debug|x86.ActiveCfg = Debug|iPhoneSimulator
		{4FB9D885-AA66-463B-91F6-5347F951A455}.Release|Any CPU.ActiveCfg = Release|iPhoneSimulator
		{4FB9D885-AA66-463B-91F6-5347F951A455}.Release|ARM.ActiveCfg = Release|iPhoneSimulator
		{4FB9D885-AA66-463B-91F6-5347F951A455}.Release|ARM64.ActiveCfg = Release|iPhoneSimulator
		{4FB9D885-AA66-463B-91F6-5347F951A455}.Release|iPhone.ActiveCfg = Release|iPhoneSimulator
		{4FB9D885-AA66-463B-91F6-5347F951A455}.Release|iPhoneSimulator.ActiveCfg = Release|iPhoneSimulator
		{4FB9D885-AA66-463B-91F6-5347F951A455}.Release|iPhoneSimulator.Build.0 = Release|iPhoneSimulator
		{4FB9D885-AA66-463B-91F6-5347F951A455}.Release|x64.ActiveCfg = Release|iPhoneSimulator
		{4FB9D885-AA66-463B-91F6-5347F951A455}.Release|x86.ActiveCfg = Release|iPhoneSimulator
		{D8F6D1F0-C55F-4F0B-ACB5-EF5AE55E524B}.Ad-Hoc|Any CPU.ActiveCfg = Debug|Any CPU
		{D8F6D1F0-C55F-4F0B-ACB5-EF5AE55E524B}.Ad-Hoc|Any CPU.Build.0 = Debug|Any CPU
		{D8F6D1F0-C55F-4F0B-ACB5-EF5AE55E524B}.Ad-Hoc|ARM.ActiveCfg = Debug|Any CPU
		{D8F6D1F0-C55F-4F0B-ACB5-EF5AE55E524B}.Ad-Hoc|ARM.Build.0 = Debug|Any CPU
		{D8F6D1F0-C55F-4F0B-ACB5-EF5AE55E524B}.Ad-Hoc|ARM64.ActiveCfg = Debug|Any CPU
		{D8F6D1F0-C55F-4F0B-ACB5-EF5AE55E524B}.Ad-Hoc|ARM64.Build.0 = Debug|Any CPU
		{D8F6D1F0-C55F-4F0B-ACB5-EF5AE55E524B}.Ad-Hoc|iPhone.ActiveCfg = Debug|Any CPU
		{D8F6D1F0-C55F-4F0B-ACB5-EF5AE55E524B}.Ad-Hoc|iPhone.Build.0 = Debug|Any CPU
		{D8F6D1F0-C55F-4F0B-ACB5-EF5AE55E524B}.Ad-Hoc|iPhoneSimulator.ActiveCfg = Debug|Any CPU
		{D8F6D1F0-C55F-4F0B-ACB5-EF5AE55E524B}.Ad-Hoc|iPhoneSimulator.Build.0 = Debug|Any CPU
		{D8F6D1F0-C55F-4F0B-ACB5-EF5AE55E524B}.Ad-Hoc|x64.ActiveCfg = Debug|Any CPU
		{D8F6D1F0-C55F-4F0B-ACB5-EF5AE55E524B}.Ad-Hoc|x64.Build.0 = Debug|Any CPU
		{D8F6D1F0-C55F-4F0B-ACB5-EF5AE55E524B}.Ad-Hoc|x86.ActiveCfg = Debug|Any CPU
		{D8F6D1F0-C55F-4F0B-ACB5-EF5AE55E524B}.Ad-Hoc|x86.Build.0 = Debug|Any CPU
		{D8F6D1F0-C55F-4F0B-ACB5-EF5AE55E524B}.AppStore|Any CPU.ActiveCfg = Debug|Any CPU
		{D8F6D1F0-C55F-4F0B-ACB5-EF5AE55E524B}.AppStore|Any CPU.Build.0 = Debug|Any CPU
		{D8F6D1F0-C55F-4F0B-ACB5-EF5AE55E524B}.AppStore|ARM.ActiveCfg = Debug|Any CPU
		{D8F6D1F0-C55F-4F0B-ACB5-EF5AE55E524B}.AppStore|ARM.Build.0 = Debug|Any CPU
		{D8F6D1F0-C55F-4F0B-ACB5-EF5AE55E524B}.AppStore|ARM64.ActiveCfg = Debug|Any CPU
		{D8F6D1F0-C55F-4F0B-ACB5-EF5AE55E524B}.AppStore|ARM64.Build.0 = Debug|Any CPU
		{D8F6D1F0-C55F-4F0B-ACB5-EF5AE55E524B}.AppStore|iPhone.ActiveCfg = Debug|Any CPU
		{D8F6D1F0-C55F-4F0B-ACB5-EF5AE55E524B}.AppStore|iPhone.Build.0 = Debug|Any CPU
		{D8F6D1F0-C55F-4F0B-ACB5-EF5AE55E524B}.AppStore|iPhoneSimulator.ActiveCfg = Debug|Any CPU
		{D8F6D1F0-C55F-4F0B-ACB5-EF5AE55E524B}.AppStore|iPhoneSimulator.Build.0 = Debug|Any CPU
		{D8F6D1F0-C55F-4F0B-ACB5-EF5AE55E524B}.AppStore|x64.ActiveCfg = Debug|Any CPU
		{D8F6D1F0-C55F-4F0B-ACB5-EF5AE55E524B}.AppStore|x64.Build.0 = Debug|Any CPU
		{D8F6D1F0-C55F-4F0B-ACB5-EF5AE55E524B}.AppStore|x86.ActiveCfg = Debug|Any CPU
		{D8F6D1F0-C55F-4F0B-ACB5-EF5AE55E524B}.AppStore|x86.Build.0 = Debug|Any CPU
		{D8F6D1F0-C55F-4F0B-ACB5-EF5AE55E524B}.Debug|Any CPU.ActiveCfg = Debug|Any CPU
		{D8F6D1F0-C55F-4F0B-ACB5-EF5AE55E524B}.Debug|Any CPU.Build.0 = Debug|Any CPU
		{D8F6D1F0-C55F-4F0B-ACB5-EF5AE55E524B}.Debug|ARM.ActiveCfg = Debug|Any CPU
		{D8F6D1F0-C55F-4F0B-ACB5-EF5AE55E524B}.Debug|ARM.Build.0 = Debug|Any CPU
		{D8F6D1F0-C55F-4F0B-ACB5-EF5AE55E524B}.Debug|ARM64.ActiveCfg = Debug|Any CPU
		{D8F6D1F0-C55F-4F0B-ACB5-EF5AE55E524B}.Debug|ARM64.Build.0 = Debug|Any CPU
		{D8F6D1F0-C55F-4F0B-ACB5-EF5AE55E524B}.Debug|iPhone.ActiveCfg = Debug|Any CPU
		{D8F6D1F0-C55F-4F0B-ACB5-EF5AE55E524B}.Debug|iPhone.Build.0 = Debug|Any CPU
		{D8F6D1F0-C55F-4F0B-ACB5-EF5AE55E524B}.Debug|iPhoneSimulator.ActiveCfg = Debug|Any CPU
		{D8F6D1F0-C55F-4F0B-ACB5-EF5AE55E524B}.Debug|iPhoneSimulator.Build.0 = Debug|Any CPU
		{D8F6D1F0-C55F-4F0B-ACB5-EF5AE55E524B}.Debug|x64.ActiveCfg = Debug|Any CPU
		{D8F6D1F0-C55F-4F0B-ACB5-EF5AE55E524B}.Debug|x64.Build.0 = Debug|Any CPU
		{D8F6D1F0-C55F-4F0B-ACB5-EF5AE55E524B}.Debug|x86.ActiveCfg = Debug|Any CPU
		{D8F6D1F0-C55F-4F0B-ACB5-EF5AE55E524B}.Debug|x86.Build.0 = Debug|Any CPU
		{D8F6D1F0-C55F-4F0B-ACB5-EF5AE55E524B}.Release|Any CPU.ActiveCfg = Release|Any CPU
		{D8F6D1F0-C55F-4F0B-ACB5-EF5AE55E524B}.Release|Any CPU.Build.0 = Release|Any CPU
		{D8F6D1F0-C55F-4F0B-ACB5-EF5AE55E524B}.Release|ARM.ActiveCfg = Release|Any CPU
		{D8F6D1F0-C55F-4F0B-ACB5-EF5AE55E524B}.Release|ARM.Build.0 = Release|Any CPU
		{D8F6D1F0-C55F-4F0B-ACB5-EF5AE55E524B}.Release|ARM64.ActiveCfg = Release|Any CPU
		{D8F6D1F0-C55F-4F0B-ACB5-EF5AE55E524B}.Release|ARM64.Build.0 = Release|Any CPU
		{D8F6D1F0-C55F-4F0B-ACB5-EF5AE55E524B}.Release|iPhone.ActiveCfg = Release|Any CPU
		{D8F6D1F0-C55F-4F0B-ACB5-EF5AE55E524B}.Release|iPhone.Build.0 = Release|Any CPU
		{D8F6D1F0-C55F-4F0B-ACB5-EF5AE55E524B}.Release|iPhoneSimulator.ActiveCfg = Release|Any CPU
		{D8F6D1F0-C55F-4F0B-ACB5-EF5AE55E524B}.Release|iPhoneSimulator.Build.0 = Release|Any CPU
		{D8F6D1F0-C55F-4F0B-ACB5-EF5AE55E524B}.Release|x64.ActiveCfg = Release|Any CPU
		{D8F6D1F0-C55F-4F0B-ACB5-EF5AE55E524B}.Release|x64.Build.0 = Release|Any CPU
		{D8F6D1F0-C55F-4F0B-ACB5-EF5AE55E524B}.Release|x86.ActiveCfg = Release|Any CPU
		{D8F6D1F0-C55F-4F0B-ACB5-EF5AE55E524B}.Release|x86.Build.0 = Release|Any CPU
		{0C343990-2C05-48BE-A796-911B65E9DC5D}.Ad-Hoc|Any CPU.ActiveCfg = Debug|Any CPU
		{0C343990-2C05-48BE-A796-911B65E9DC5D}.Ad-Hoc|Any CPU.Build.0 = Debug|Any CPU
		{0C343990-2C05-48BE-A796-911B65E9DC5D}.Ad-Hoc|ARM.ActiveCfg = Debug|Any CPU
		{0C343990-2C05-48BE-A796-911B65E9DC5D}.Ad-Hoc|ARM.Build.0 = Debug|Any CPU
		{0C343990-2C05-48BE-A796-911B65E9DC5D}.Ad-Hoc|ARM64.ActiveCfg = Debug|Any CPU
		{0C343990-2C05-48BE-A796-911B65E9DC5D}.Ad-Hoc|ARM64.Build.0 = Debug|Any CPU
		{0C343990-2C05-48BE-A796-911B65E9DC5D}.Ad-Hoc|iPhone.ActiveCfg = Debug|Any CPU
		{0C343990-2C05-48BE-A796-911B65E9DC5D}.Ad-Hoc|iPhone.Build.0 = Debug|Any CPU
		{0C343990-2C05-48BE-A796-911B65E9DC5D}.Ad-Hoc|iPhoneSimulator.ActiveCfg = Debug|Any CPU
		{0C343990-2C05-48BE-A796-911B65E9DC5D}.Ad-Hoc|iPhoneSimulator.Build.0 = Debug|Any CPU
		{0C343990-2C05-48BE-A796-911B65E9DC5D}.Ad-Hoc|x64.ActiveCfg = Debug|Any CPU
		{0C343990-2C05-48BE-A796-911B65E9DC5D}.Ad-Hoc|x64.Build.0 = Debug|Any CPU
		{0C343990-2C05-48BE-A796-911B65E9DC5D}.Ad-Hoc|x86.ActiveCfg = Debug|Any CPU
		{0C343990-2C05-48BE-A796-911B65E9DC5D}.Ad-Hoc|x86.Build.0 = Debug|Any CPU
		{0C343990-2C05-48BE-A796-911B65E9DC5D}.AppStore|Any CPU.ActiveCfg = Debug|Any CPU
		{0C343990-2C05-48BE-A796-911B65E9DC5D}.AppStore|Any CPU.Build.0 = Debug|Any CPU
		{0C343990-2C05-48BE-A796-911B65E9DC5D}.AppStore|ARM.ActiveCfg = Debug|Any CPU
		{0C343990-2C05-48BE-A796-911B65E9DC5D}.AppStore|ARM.Build.0 = Debug|Any CPU
		{0C343990-2C05-48BE-A796-911B65E9DC5D}.AppStore|ARM64.ActiveCfg = Debug|Any CPU
		{0C343990-2C05-48BE-A796-911B65E9DC5D}.AppStore|ARM64.Build.0 = Debug|Any CPU
		{0C343990-2C05-48BE-A796-911B65E9DC5D}.AppStore|iPhone.ActiveCfg = Debug|Any CPU
		{0C343990-2C05-48BE-A796-911B65E9DC5D}.AppStore|iPhone.Build.0 = Debug|Any CPU
		{0C343990-2C05-48BE-A796-911B65E9DC5D}.AppStore|iPhoneSimulator.ActiveCfg = Debug|Any CPU
		{0C343990-2C05-48BE-A796-911B65E9DC5D}.AppStore|iPhoneSimulator.Build.0 = Debug|Any CPU
		{0C343990-2C05-48BE-A796-911B65E9DC5D}.AppStore|x64.ActiveCfg = Debug|Any CPU
		{0C343990-2C05-48BE-A796-911B65E9DC5D}.AppStore|x64.Build.0 = Debug|Any CPU
		{0C343990-2C05-48BE-A796-911B65E9DC5D}.AppStore|x86.ActiveCfg = Debug|Any CPU
		{0C343990-2C05-48BE-A796-911B65E9DC5D}.AppStore|x86.Build.0 = Debug|Any CPU
		{0C343990-2C05-48BE-A796-911B65E9DC5D}.Debug|Any CPU.ActiveCfg = Debug|Any CPU
		{0C343990-2C05-48BE-A796-911B65E9DC5D}.Debug|Any CPU.Build.0 = Debug|Any CPU
		{0C343990-2C05-48BE-A796-911B65E9DC5D}.Debug|ARM.ActiveCfg = Debug|Any CPU
		{0C343990-2C05-48BE-A796-911B65E9DC5D}.Debug|ARM.Build.0 = Debug|Any CPU
		{0C343990-2C05-48BE-A796-911B65E9DC5D}.Debug|ARM64.ActiveCfg = Debug|Any CPU
		{0C343990-2C05-48BE-A796-911B65E9DC5D}.Debug|ARM64.Build.0 = Debug|Any CPU
		{0C343990-2C05-48BE-A796-911B65E9DC5D}.Debug|iPhone.ActiveCfg = Debug|Any CPU
		{0C343990-2C05-48BE-A796-911B65E9DC5D}.Debug|iPhone.Build.0 = Debug|Any CPU
		{0C343990-2C05-48BE-A796-911B65E9DC5D}.Debug|iPhoneSimulator.ActiveCfg = Debug|Any CPU
		{0C343990-2C05-48BE-A796-911B65E9DC5D}.Debug|iPhoneSimulator.Build.0 = Debug|Any CPU
		{0C343990-2C05-48BE-A796-911B65E9DC5D}.Debug|x64.ActiveCfg = Debug|Any CPU
		{0C343990-2C05-48BE-A796-911B65E9DC5D}.Debug|x64.Build.0 = Debug|Any CPU
		{0C343990-2C05-48BE-A796-911B65E9DC5D}.Debug|x86.ActiveCfg = Debug|Any CPU
		{0C343990-2C05-48BE-A796-911B65E9DC5D}.Debug|x86.Build.0 = Debug|Any CPU
		{0C343990-2C05-48BE-A796-911B65E9DC5D}.Release|Any CPU.ActiveCfg = Release|Any CPU
		{0C343990-2C05-48BE-A796-911B65E9DC5D}.Release|Any CPU.Build.0 = Release|Any CPU
		{0C343990-2C05-48BE-A796-911B65E9DC5D}.Release|ARM.ActiveCfg = Release|Any CPU
		{0C343990-2C05-48BE-A796-911B65E9DC5D}.Release|ARM.Build.0 = Release|Any CPU
		{0C343990-2C05-48BE-A796-911B65E9DC5D}.Release|ARM64.ActiveCfg = Release|Any CPU
		{0C343990-2C05-48BE-A796-911B65E9DC5D}.Release|ARM64.Build.0 = Release|Any CPU
		{0C343990-2C05-48BE-A796-911B65E9DC5D}.Release|iPhone.ActiveCfg = Release|Any CPU
		{0C343990-2C05-48BE-A796-911B65E9DC5D}.Release|iPhone.Build.0 = Release|Any CPU
		{0C343990-2C05-48BE-A796-911B65E9DC5D}.Release|iPhoneSimulator.ActiveCfg = Release|Any CPU
		{0C343990-2C05-48BE-A796-911B65E9DC5D}.Release|iPhoneSimulator.Build.0 = Release|Any CPU
		{0C343990-2C05-48BE-A796-911B65E9DC5D}.Release|x64.ActiveCfg = Release|Any CPU
		{0C343990-2C05-48BE-A796-911B65E9DC5D}.Release|x64.Build.0 = Release|Any CPU
		{0C343990-2C05-48BE-A796-911B65E9DC5D}.Release|x86.ActiveCfg = Release|Any CPU
		{0C343990-2C05-48BE-A796-911B65E9DC5D}.Release|x86.Build.0 = Release|Any CPU
		{B19B8A0F-2A25-4B04-A480-F7D0EE47C430}.Ad-Hoc|Any CPU.ActiveCfg = Debug|Any CPU
		{B19B8A0F-2A25-4B04-A480-F7D0EE47C430}.Ad-Hoc|Any CPU.Build.0 = Debug|Any CPU
		{B19B8A0F-2A25-4B04-A480-F7D0EE47C430}.Ad-Hoc|ARM.ActiveCfg = Debug|Any CPU
		{B19B8A0F-2A25-4B04-A480-F7D0EE47C430}.Ad-Hoc|ARM.Build.0 = Debug|Any CPU
		{B19B8A0F-2A25-4B04-A480-F7D0EE47C430}.Ad-Hoc|ARM64.ActiveCfg = Debug|Any CPU
		{B19B8A0F-2A25-4B04-A480-F7D0EE47C430}.Ad-Hoc|ARM64.Build.0 = Debug|Any CPU
		{B19B8A0F-2A25-4B04-A480-F7D0EE47C430}.Ad-Hoc|iPhone.ActiveCfg = Debug|Any CPU
		{B19B8A0F-2A25-4B04-A480-F7D0EE47C430}.Ad-Hoc|iPhone.Build.0 = Debug|Any CPU
		{B19B8A0F-2A25-4B04-A480-F7D0EE47C430}.Ad-Hoc|iPhoneSimulator.ActiveCfg = Debug|Any CPU
		{B19B8A0F-2A25-4B04-A480-F7D0EE47C430}.Ad-Hoc|iPhoneSimulator.Build.0 = Debug|Any CPU
		{B19B8A0F-2A25-4B04-A480-F7D0EE47C430}.Ad-Hoc|x64.ActiveCfg = Debug|Any CPU
		{B19B8A0F-2A25-4B04-A480-F7D0EE47C430}.Ad-Hoc|x64.Build.0 = Debug|Any CPU
		{B19B8A0F-2A25-4B04-A480-F7D0EE47C430}.Ad-Hoc|x86.ActiveCfg = Debug|Any CPU
		{B19B8A0F-2A25-4B04-A480-F7D0EE47C430}.Ad-Hoc|x86.Build.0 = Debug|Any CPU
		{B19B8A0F-2A25-4B04-A480-F7D0EE47C430}.AppStore|Any CPU.ActiveCfg = Debug|Any CPU
		{B19B8A0F-2A25-4B04-A480-F7D0EE47C430}.AppStore|Any CPU.Build.0 = Debug|Any CPU
		{B19B8A0F-2A25-4B04-A480-F7D0EE47C430}.AppStore|ARM.ActiveCfg = Debug|Any CPU
		{B19B8A0F-2A25-4B04-A480-F7D0EE47C430}.AppStore|ARM.Build.0 = Debug|Any CPU
		{B19B8A0F-2A25-4B04-A480-F7D0EE47C430}.AppStore|ARM64.ActiveCfg = Debug|Any CPU
		{B19B8A0F-2A25-4B04-A480-F7D0EE47C430}.AppStore|ARM64.Build.0 = Debug|Any CPU
		{B19B8A0F-2A25-4B04-A480-F7D0EE47C430}.AppStore|iPhone.ActiveCfg = Debug|Any CPU
		{B19B8A0F-2A25-4B04-A480-F7D0EE47C430}.AppStore|iPhone.Build.0 = Debug|Any CPU
		{B19B8A0F-2A25-4B04-A480-F7D0EE47C430}.AppStore|iPhoneSimulator.ActiveCfg = Debug|Any CPU
		{B19B8A0F-2A25-4B04-A480-F7D0EE47C430}.AppStore|iPhoneSimulator.Build.0 = Debug|Any CPU
		{B19B8A0F-2A25-4B04-A480-F7D0EE47C430}.AppStore|x64.ActiveCfg = Debug|Any CPU
		{B19B8A0F-2A25-4B04-A480-F7D0EE47C430}.AppStore|x64.Build.0 = Debug|Any CPU
		{B19B8A0F-2A25-4B04-A480-F7D0EE47C430}.AppStore|x86.ActiveCfg = Debug|Any CPU
		{B19B8A0F-2A25-4B04-A480-F7D0EE47C430}.AppStore|x86.Build.0 = Debug|Any CPU
		{B19B8A0F-2A25-4B04-A480-F7D0EE47C430}.Debug|Any CPU.ActiveCfg = Debug|Any CPU
		{B19B8A0F-2A25-4B04-A480-F7D0EE47C430}.Debug|Any CPU.Build.0 = Debug|Any CPU
		{B19B8A0F-2A25-4B04-A480-F7D0EE47C430}.Debug|ARM.ActiveCfg = Debug|Any CPU
		{B19B8A0F-2A25-4B04-A480-F7D0EE47C430}.Debug|ARM.Build.0 = Debug|Any CPU
		{B19B8A0F-2A25-4B04-A480-F7D0EE47C430}.Debug|ARM64.ActiveCfg = Debug|Any CPU
		{B19B8A0F-2A25-4B04-A480-F7D0EE47C430}.Debug|ARM64.Build.0 = Debug|Any CPU
		{B19B8A0F-2A25-4B04-A480-F7D0EE47C430}.Debug|iPhone.ActiveCfg = Debug|Any CPU
		{B19B8A0F-2A25-4B04-A480-F7D0EE47C430}.Debug|iPhone.Build.0 = Debug|Any CPU
		{B19B8A0F-2A25-4B04-A480-F7D0EE47C430}.Debug|iPhoneSimulator.ActiveCfg = Debug|Any CPU
		{B19B8A0F-2A25-4B04-A480-F7D0EE47C430}.Debug|iPhoneSimulator.Build.0 = Debug|Any CPU
		{B19B8A0F-2A25-4B04-A480-F7D0EE47C430}.Debug|x64.ActiveCfg = Debug|Any CPU
		{B19B8A0F-2A25-4B04-A480-F7D0EE47C430}.Debug|x64.Build.0 = Debug|Any CPU
		{B19B8A0F-2A25-4B04-A480-F7D0EE47C430}.Debug|x86.ActiveCfg = Debug|Any CPU
		{B19B8A0F-2A25-4B04-A480-F7D0EE47C430}.Debug|x86.Build.0 = Debug|Any CPU
		{B19B8A0F-2A25-4B04-A480-F7D0EE47C430}.Release|Any CPU.ActiveCfg = Release|Any CPU
		{B19B8A0F-2A25-4B04-A480-F7D0EE47C430}.Release|Any CPU.Build.0 = Release|Any CPU
		{B19B8A0F-2A25-4B04-A480-F7D0EE47C430}.Release|ARM.ActiveCfg = Release|Any CPU
		{B19B8A0F-2A25-4B04-A480-F7D0EE47C430}.Release|ARM.Build.0 = Release|Any CPU
		{B19B8A0F-2A25-4B04-A480-F7D0EE47C430}.Release|ARM64.ActiveCfg = Release|Any CPU
		{B19B8A0F-2A25-4B04-A480-F7D0EE47C430}.Release|ARM64.Build.0 = Release|Any CPU
		{B19B8A0F-2A25-4B04-A480-F7D0EE47C430}.Release|iPhone.ActiveCfg = Release|Any CPU
		{B19B8A0F-2A25-4B04-A480-F7D0EE47C430}.Release|iPhone.Build.0 = Release|Any CPU
		{B19B8A0F-2A25-4B04-A480-F7D0EE47C430}.Release|iPhoneSimulator.ActiveCfg = Release|Any CPU
		{B19B8A0F-2A25-4B04-A480-F7D0EE47C430}.Release|iPhoneSimulator.Build.0 = Release|Any CPU
		{B19B8A0F-2A25-4B04-A480-F7D0EE47C430}.Release|x64.ActiveCfg = Release|Any CPU
		{B19B8A0F-2A25-4B04-A480-F7D0EE47C430}.Release|x64.Build.0 = Release|Any CPU
		{B19B8A0F-2A25-4B04-A480-F7D0EE47C430}.Release|x86.ActiveCfg = Release|Any CPU
		{B19B8A0F-2A25-4B04-A480-F7D0EE47C430}.Release|x86.Build.0 = Release|Any CPU
		{6833EB3E-3896-44C2-A913-F2E0069D994F}.Ad-Hoc|Any CPU.ActiveCfg = Debug|Any CPU
		{6833EB3E-3896-44C2-A913-F2E0069D994F}.Ad-Hoc|Any CPU.Build.0 = Debug|Any CPU
		{6833EB3E-3896-44C2-A913-F2E0069D994F}.Ad-Hoc|ARM.ActiveCfg = Debug|Any CPU
		{6833EB3E-3896-44C2-A913-F2E0069D994F}.Ad-Hoc|ARM.Build.0 = Debug|Any CPU
		{6833EB3E-3896-44C2-A913-F2E0069D994F}.Ad-Hoc|ARM64.ActiveCfg = Debug|Any CPU
		{6833EB3E-3896-44C2-A913-F2E0069D994F}.Ad-Hoc|ARM64.Build.0 = Debug|Any CPU
		{6833EB3E-3896-44C2-A913-F2E0069D994F}.Ad-Hoc|iPhone.ActiveCfg = Debug|Any CPU
		{6833EB3E-3896-44C2-A913-F2E0069D994F}.Ad-Hoc|iPhone.Build.0 = Debug|Any CPU
		{6833EB3E-3896-44C2-A913-F2E0069D994F}.Ad-Hoc|iPhoneSimulator.ActiveCfg = Debug|Any CPU
		{6833EB3E-3896-44C2-A913-F2E0069D994F}.Ad-Hoc|iPhoneSimulator.Build.0 = Debug|Any CPU
		{6833EB3E-3896-44C2-A913-F2E0069D994F}.Ad-Hoc|x64.ActiveCfg = Debug|Any CPU
		{6833EB3E-3896-44C2-A913-F2E0069D994F}.Ad-Hoc|x64.Build.0 = Debug|Any CPU
		{6833EB3E-3896-44C2-A913-F2E0069D994F}.Ad-Hoc|x86.ActiveCfg = Debug|Any CPU
		{6833EB3E-3896-44C2-A913-F2E0069D994F}.Ad-Hoc|x86.Build.0 = Debug|Any CPU
		{6833EB3E-3896-44C2-A913-F2E0069D994F}.AppStore|Any CPU.ActiveCfg = Debug|Any CPU
		{6833EB3E-3896-44C2-A913-F2E0069D994F}.AppStore|Any CPU.Build.0 = Debug|Any CPU
		{6833EB3E-3896-44C2-A913-F2E0069D994F}.AppStore|ARM.ActiveCfg = Debug|Any CPU
		{6833EB3E-3896-44C2-A913-F2E0069D994F}.AppStore|ARM.Build.0 = Debug|Any CPU
		{6833EB3E-3896-44C2-A913-F2E0069D994F}.AppStore|ARM64.ActiveCfg = Debug|Any CPU
		{6833EB3E-3896-44C2-A913-F2E0069D994F}.AppStore|ARM64.Build.0 = Debug|Any CPU
		{6833EB3E-3896-44C2-A913-F2E0069D994F}.AppStore|iPhone.ActiveCfg = Debug|Any CPU
		{6833EB3E-3896-44C2-A913-F2E0069D994F}.AppStore|iPhone.Build.0 = Debug|Any CPU
		{6833EB3E-3896-44C2-A913-F2E0069D994F}.AppStore|iPhoneSimulator.ActiveCfg = Debug|Any CPU
		{6833EB3E-3896-44C2-A913-F2E0069D994F}.AppStore|iPhoneSimulator.Build.0 = Debug|Any CPU
		{6833EB3E-3896-44C2-A913-F2E0069D994F}.AppStore|x64.ActiveCfg = Debug|Any CPU
		{6833EB3E-3896-44C2-A913-F2E0069D994F}.AppStore|x64.Build.0 = Debug|Any CPU
		{6833EB3E-3896-44C2-A913-F2E0069D994F}.AppStore|x86.ActiveCfg = Debug|Any CPU
		{6833EB3E-3896-44C2-A913-F2E0069D994F}.AppStore|x86.Build.0 = Debug|Any CPU
		{6833EB3E-3896-44C2-A913-F2E0069D994F}.Debug|Any CPU.ActiveCfg = Debug|Any CPU
		{6833EB3E-3896-44C2-A913-F2E0069D994F}.Debug|Any CPU.Build.0 = Debug|Any CPU
		{6833EB3E-3896-44C2-A913-F2E0069D994F}.Debug|ARM.ActiveCfg = Debug|Any CPU
		{6833EB3E-3896-44C2-A913-F2E0069D994F}.Debug|ARM.Build.0 = Debug|Any CPU
		{6833EB3E-3896-44C2-A913-F2E0069D994F}.Debug|ARM64.ActiveCfg = Debug|Any CPU
		{6833EB3E-3896-44C2-A913-F2E0069D994F}.Debug|ARM64.Build.0 = Debug|Any CPU
		{6833EB3E-3896-44C2-A913-F2E0069D994F}.Debug|iPhone.ActiveCfg = Debug|Any CPU
		{6833EB3E-3896-44C2-A913-F2E0069D994F}.Debug|iPhone.Build.0 = Debug|Any CPU
		{6833EB3E-3896-44C2-A913-F2E0069D994F}.Debug|iPhoneSimulator.ActiveCfg = Debug|Any CPU
		{6833EB3E-3896-44C2-A913-F2E0069D994F}.Debug|iPhoneSimulator.Build.0 = Debug|Any CPU
		{6833EB3E-3896-44C2-A913-F2E0069D994F}.Debug|x64.ActiveCfg = Debug|Any CPU
		{6833EB3E-3896-44C2-A913-F2E0069D994F}.Debug|x64.Build.0 = Debug|Any CPU
		{6833EB3E-3896-44C2-A913-F2E0069D994F}.Debug|x86.ActiveCfg = Debug|Any CPU
		{6833EB3E-3896-44C2-A913-F2E0069D994F}.Debug|x86.Build.0 = Debug|Any CPU
		{6833EB3E-3896-44C2-A913-F2E0069D994F}.Release|Any CPU.ActiveCfg = Release|Any CPU
		{6833EB3E-3896-44C2-A913-F2E0069D994F}.Release|Any CPU.Build.0 = Release|Any CPU
		{6833EB3E-3896-44C2-A913-F2E0069D994F}.Release|ARM.ActiveCfg = Release|Any CPU
		{6833EB3E-3896-44C2-A913-F2E0069D994F}.Release|ARM.Build.0 = Release|Any CPU
		{6833EB3E-3896-44C2-A913-F2E0069D994F}.Release|ARM64.ActiveCfg = Release|Any CPU
		{6833EB3E-3896-44C2-A913-F2E0069D994F}.Release|ARM64.Build.0 = Release|Any CPU
		{6833EB3E-3896-44C2-A913-F2E0069D994F}.Release|iPhone.ActiveCfg = Release|Any CPU
		{6833EB3E-3896-44C2-A913-F2E0069D994F}.Release|iPhone.Build.0 = Release|Any CPU
		{6833EB3E-3896-44C2-A913-F2E0069D994F}.Release|iPhoneSimulator.ActiveCfg = Release|Any CPU
		{6833EB3E-3896-44C2-A913-F2E0069D994F}.Release|iPhoneSimulator.Build.0 = Release|Any CPU
		{6833EB3E-3896-44C2-A913-F2E0069D994F}.Release|x64.ActiveCfg = Release|Any CPU
		{6833EB3E-3896-44C2-A913-F2E0069D994F}.Release|x64.Build.0 = Release|Any CPU
		{6833EB3E-3896-44C2-A913-F2E0069D994F}.Release|x86.ActiveCfg = Release|Any CPU
		{6833EB3E-3896-44C2-A913-F2E0069D994F}.Release|x86.Build.0 = Release|Any CPU
	EndGlobalSection
	GlobalSection(SolutionProperties) = preSolution
		HideSolutionNode = FALSE
	EndGlobalSection
	GlobalSection(NestedProjects) = preSolution
		{2FDD42CE-41A9-4DDD-A4CD-F1014E8B4EB8} = {68461496-ACA6-4C55-AEB0-5E879AE4F3FC}
		{1E8FD77E-5234-4C3E-A744-1E776E162C85} = {68461496-ACA6-4C55-AEB0-5E879AE4F3FC}
		{D65CE332-27BE-4F52-B307-64DE3861D6B8} = {68461496-ACA6-4C55-AEB0-5E879AE4F3FC}
		{1C6414D3-7149-40A4-A4AF-53390DA91906} = {68461496-ACA6-4C55-AEB0-5E879AE4F3FC}
		{4FB9D885-AA66-463B-91F6-5347F951A455} = {68461496-ACA6-4C55-AEB0-5E879AE4F3FC}
		{D8F6D1F0-C55F-4F0B-ACB5-EF5AE55E524B} = {68461496-ACA6-4C55-AEB0-5E879AE4F3FC}
		{0C343990-2C05-48BE-A796-911B65E9DC5D} = {68461496-ACA6-4C55-AEB0-5E879AE4F3FC}
		{B19B8A0F-2A25-4B04-A480-F7D0EE47C430} = {68461496-ACA6-4C55-AEB0-5E879AE4F3FC}
		{6833EB3E-3896-44C2-A913-F2E0069D994F} = {68461496-ACA6-4C55-AEB0-5E879AE4F3FC}
	EndGlobalSection
	GlobalSection(ExtensibilityGlobals) = postSolution
		SolutionGuid = {67377F67-6034-4B0C-A5C4-28EE80A38608}
	EndGlobalSection
EndGlobal
