
Microsoft Visual Studio Solution File, Format Version 12.00
# Visual Studio Version 16
VisualStudioVersion = 16.0.32126.315
MinimumVisualStudioVersion = 10.0.40219.1
Project("{FAE04EC0-301F-11D3-BF4B-00C04F79EFBC}") = "Project_TS01_WCF", "Project_TS01_WCF\Project_TS01_WCF.csproj", "{0F90D6F2-80E6-4189-8D55-132DF541A4E3}"
	ProjectSection(ProjectDependencies) = postProject
		{4C751CB4-9E6A-40BB-801D-771FE927A10F} = {4C751CB4-9E6A-40BB-801D-771FE927A10F}
	EndProjectSection
EndProject
Project("{FAE04EC0-301F-11D3-BF4B-00C04F79EFBC}") = "TS01_Shop", "TS01_Shop\TS01_Shop.csproj", "{4C751CB4-9E6A-40BB-801D-771FE927A10F}"
EndProject
Global
	GlobalSection(SolutionConfigurationPlatforms) = preSolution
		Debug|Any CPU = Debug|Any CPU
		Release|Any CPU = Release|Any CPU
	EndGlobalSection
	GlobalSection(ProjectConfigurationPlatforms) = postSolution
		{0F90D6F2-80E6-4189-8D55-132DF541A4E3}.Debug|Any CPU.ActiveCfg = Debug|Any CPU
		{0F90D6F2-80E6-4189-8D55-132DF541A4E3}.Debug|Any CPU.Build.0 = Debug|Any CPU
		{0F90D6F2-80E6-4189-8D55-132DF541A4E3}.Release|Any CPU.ActiveCfg = Release|Any CPU
		{0F90D6F2-80E6-4189-8D55-132DF541A4E3}.Release|Any CPU.Build.0 = Release|Any CPU
		{4C751CB4-9E6A-40BB-801D-771FE927A10F}.Debug|Any CPU.ActiveCfg = Debug|Any CPU
		{4C751CB4-9E6A-40BB-801D-771FE927A10F}.Debug|Any CPU.Build.0 = Debug|Any CPU
		{4C751CB4-9E6A-40BB-801D-771FE927A10F}.Release|Any CPU.ActiveCfg = Release|Any CPU
		{4C751CB4-9E6A-40BB-801D-771FE927A10F}.Release|Any CPU.Build.0 = Release|Any CPU
	EndGlobalSection
	GlobalSection(SolutionProperties) = preSolution
		HideSolutionNode = FALSE
	EndGlobalSection
	GlobalSection(ExtensibilityGlobals) = postSolution
		SolutionGuid = {1D196A94-8244-4E10-9F14-13A7E26C870E}
	EndGlobalSection
EndGlobal
